<?xml version="1.0" encoding="utf-8"?>
<Project ToolsVersion="4.0" xmlns="http://schemas.microsoft.com/developer/msbuild/2003">
  <ItemGroup>
    <Filter Include="소스 파일">
      <UniqueIdentifier>{4FC737F1-C7A5-4376-A066-2A32D752A2FF}</UniqueIdentifier>
      <Extensions>cpp;c;cc;cxx;def;odl;idl;hpj;bat;asm;asmx</Extensions>
    </Filter>
    <Filter Include="헤더 파일">
      <UniqueIdentifier>{93995380-89BD-4b04-88EB-625FBE52EBFB}</UniqueIdentifier>
      <Extensions>h;hh;hpp;hxx;hm;inl;inc;xsd</Extensions>
    </Filter>
    <Filter Include="리소스 파일">
      <UniqueIdentifier>{67DA6AB6-F800-4c08-8B7A-83BB121AAD01}</UniqueIdentifier>
      <Extensions>rc;ico;cur;bmp;dlg;rc2;rct;bin;rgs;gif;jpg;jpeg;jpe;resx;tiff;tif;png;wav;mfcribbon-ms</Extensions>
    </Filter>
    <Filter Include="2D GAMEFRAMEWORK">
      <UniqueIdentifier>{cb999dfc-8716-42f3-a595-a15c8577b355}</UniqueIdentifier>
    </Filter>
    <Filter Include="2D GAMEFRAMEWORK\매니져">
      <UniqueIdentifier>{4857885e-e537-4843-b97c-b1fd1889f92c}</UniqueIdentifier>
    </Filter>
    <Filter Include="메인게임">
      <UniqueIdentifier>{0f919e59-9e20-4582-83ed-4b23a7784a46}</UniqueIdentifier>
    </Filter>
    <Filter Include="2D GAMEFRAMEWORK\이미지">
      <UniqueIdentifier>{37b3c83e-3ea8-49ec-a027-6d27675dff4a}</UniqueIdentifier>
    </Filter>
    <Filter Include="2D GAMEFRAMEWORK\유틸">
      <UniqueIdentifier>{9a3b6584-806f-4abb-924f-245a72004552}</UniqueIdentifier>
    </Filter>
    <Filter Include="메인게임\탱크게임">
      <UniqueIdentifier>{41d4cbc6-1e2e-4e36-9a98-542625e7e190}</UniqueIdentifier>
    </Filter>
    <Filter Include="메인게임\탱크게임\게임구성요소">
      <UniqueIdentifier>{198b5211-4d4e-4a0f-a940-0b67160cb1e2}</UniqueIdentifier>
    </Filter>
    <Filter Include="메인게임\탱크게임\게임구성요소\구조물">
      <UniqueIdentifier>{96e2d259-019a-4613-a064-0eaaee9e15ca}</UniqueIdentifier>
    </Filter>
    <Filter Include="메인게임\탱크게임\게임구성요소\미사일">
      <UniqueIdentifier>{47c0d372-d62d-4ef4-a2fc-4b5df45ccd89}</UniqueIdentifier>
    </Filter>
    <Filter Include="메인게임\탱크게임\게임구성요소\체력바">
      <UniqueIdentifier>{4057920d-9df5-4ba9-bdd7-7b3caf55a61f}</UniqueIdentifier>
    </Filter>
    <Filter Include="메인게임\탱크게임\게임구성요소\탱크">
      <UniqueIdentifier>{6ec6391e-6df2-4f0f-bd9d-35ee698cfbbd}</UniqueIdentifier>
    </Filter>
    <Filter Include="메인게임\탱크게임\게임구성요소\탱크\내탱크">
      <UniqueIdentifier>{31d77d70-8ab2-4513-a202-9cd882a8fa93}</UniqueIdentifier>
    </Filter>
    <Filter Include="메인게임\탱크게임\게임구성요소\탱크\에너미탱크">
      <UniqueIdentifier>{154389f8-85e3-4c46-8842-51a26e72db09}</UniqueIdentifier>
    </Filter>
    <Filter Include="2D GAMEFRAMEWORK\타이머">
      <UniqueIdentifier>{76ef92d6-504e-482f-9ab7-9b3cf97e8a3d}</UniqueIdentifier>
    </Filter>
    <Filter Include="메인게임\탱크게임\미션">
      <UniqueIdentifier>{b5d64f98-32be-4642-bea0-3f4c33e5f079}</UniqueIdentifier>
    </Filter>
    <Filter Include="메인게임\탱크게임\미션\미션선택화면">
      <UniqueIdentifier>{8f9b020e-9a4d-4e7c-8885-768593bd1ca4}</UniqueIdentifier>
    </Filter>
    <Filter Include="메인게임\탱크게임\미션\설명화면">
      <UniqueIdentifier>{ab3ee769-f99c-4870-bbec-e6f7e0f40d1a}</UniqueIdentifier>
    </Filter>
    <Filter Include="메인게임\탱크게임\미션\시작화면">
      <UniqueIdentifier>{af25451a-394e-4929-a4b2-94d7adaf9659}</UniqueIdentifier>
    </Filter>
    <Filter Include="메인게임\탱크게임\미션\미션1">
      <UniqueIdentifier>{02e0f4d3-a7dd-459d-aa83-1ed33902b138}</UniqueIdentifier>
    </Filter>
  </ItemGroup>
  <ItemGroup>
    <ClInclude Include="stdafx.h">
      <Filter>헤더 파일</Filter>
    </ClInclude>
    <ClInclude Include="commonMacroFunction.h">
      <Filter>헤더 파일</Filter>
    </ClInclude>
    <ClInclude Include="gameNode.h">
      <Filter>2D GAMEFRAMEWORK</Filter>
    </ClInclude>
    <ClInclude Include="singletonBase.h">
      <Filter>2D GAMEFRAMEWORK\매니져</Filter>
    </ClInclude>
    <ClInclude Include="keyManager.h">
      <Filter>2D GAMEFRAMEWORK\매니져</Filter>
    </ClInclude>
    <ClInclude Include="randomFunction.h">
      <Filter>헤더 파일</Filter>
    </ClInclude>
    <ClInclude Include="image.h">
      <Filter>2D GAMEFRAMEWORK\이미지</Filter>
    </ClInclude>
    <ClInclude Include="imageManager.h">
      <Filter>2D GAMEFRAMEWORK\매니져</Filter>
    </ClInclude>
    <ClInclude Include="utils.h">
      <Filter>2D GAMEFRAMEWORK\유틸</Filter>
    </ClInclude>
    <ClInclude Include="myTank.h">
      <Filter>메인게임\탱크게임\게임구성요소\탱크\내탱크</Filter>
    </ClInclude>
    <ClInclude Include="missile.h">
      <Filter>메인게임\탱크게임\게임구성요소\미사일</Filter>
    </ClInclude>
    <ClInclude Include="structure.h">
      <Filter>메인게임\탱크게임\게임구성요소\구조물</Filter>
    </ClInclude>
    <ClInclude Include="structureManager.h">
      <Filter>메인게임\탱크게임\게임구성요소\구조물</Filter>
    </ClInclude>
    <ClInclude Include="enemyTank.h">
      <Filter>메인게임\탱크게임\게임구성요소\탱크\에너미탱크</Filter>
    </ClInclude>
    <ClInclude Include="enemyTankManager.h">
      <Filter>메인게임\탱크게임\게임구성요소\탱크\에너미탱크</Filter>
    </ClInclude>
    <ClInclude Include="hpBar.h">
      <Filter>메인게임\탱크게임\게임구성요소\체력바</Filter>
    </ClInclude>
    <ClInclude Include="startPage.h">
      <Filter>메인게임\탱크게임\미션\시작화면</Filter>
    </ClInclude>
    <ClInclude Include="mission1.h">
      <Filter>메인게임\탱크게임\미션\미션1</Filter>
    </ClInclude>
    <ClInclude Include="introductionPage.h">
      <Filter>메인게임\탱크게임\미션\설명화면</Filter>
    </ClInclude>
    <ClInclude Include="mainGame.h">
      <Filter>메인게임\탱크게임\미션</Filter>
    </ClInclude>
    <ClInclude Include="missionSelect.h">
      <Filter>메인게임\탱크게임\미션\미션선택화면</Filter>
    </ClInclude>
    <ClInclude Include="timer.h">
      <Filter>2D GAMEFRAMEWORK\타이머</Filter>
    </ClInclude>
    <ClInclude Include="timeManager.h">
      <Filter>2D GAMEFRAMEWORK\매니져</Filter>
    </ClInclude>
  </ItemGroup>
  <ItemGroup>
    <ClCompile Include="stdafx.cpp">
      <Filter>소스 파일</Filter>
    </ClCompile>
    <ClCompile Include="winMain.cpp">
      <Filter>소스 파일</Filter>
    </ClCompile>
    <ClCompile Include="gameNode.cpp">
      <Filter>2D GAMEFRAMEWORK</Filter>
    </ClCompile>
    <ClCompile Include="keyManager.cpp">
      <Filter>2D GAMEFRAMEWORK\매니져</Filter>
    </ClCompile>
    <ClCompile Include="image.cpp">
      <Filter>2D GAMEFRAMEWORK\이미지</Filter>
    </ClCompile>
    <ClCompile Include="imageManager.cpp">
      <Filter>2D GAMEFRAMEWORK\매니져</Filter>
    </ClCompile>
    <ClCompile Include="utils.cpp">
      <Filter>2D GAMEFRAMEWORK\유틸</Filter>
    </ClCompile>
    <ClCompile Include="myTank.cpp">
      <Filter>메인게임\탱크게임\게임구성요소\탱크\내탱크</Filter>
    </ClCompile>
    <ClCompile Include="missile.cpp">
      <Filter>메인게임\탱크게임\게임구성요소\미사일</Filter>
    </ClCompile>
    <ClCompile Include="structure.cpp">
      <Filter>메인게임\탱크게임\게임구성요소\구조물</Filter>
    </ClCompile>
    <ClCompile Include="structureManager.cpp">
      <Filter>메인게임\탱크게임\게임구성요소\구조물</Filter>
    </ClCompile>
    <ClCompile Include="enemyTank.cpp">
      <Filter>메인게임\탱크게임\게임구성요소\탱크\에너미탱크</Filter>
    </ClCompile>
    <ClCompile Include="enemyTankManager.cpp">
      <Filter>메인게임\탱크게임\게임구성요소\탱크\에너미탱크</Filter>
    </ClCompile>
    <ClCompile Include="hpBar.cpp">
      <Filter>메인게임\탱크게임\게임구성요소\체력바</Filter>
    </ClCompile>
    <ClCompile Include="startPage.cpp">
      <Filter>메인게임\탱크게임\미션\시작화면</Filter>
    </ClCompile>
    <ClCompile Include="mission1.cpp">
      <Filter>메인게임\탱크게임\미션\미션1</Filter>
    </ClCompile>
    <ClCompile Include="introductionPage.cpp">
      <Filter>메인게임\탱크게임\미션\설명화면</Filter>
    </ClCompile>
    <ClCompile Include="mainGame.cpp">
      <Filter>메인게임\탱크게임\미션</Filter>
    </ClCompile>
    <ClCompile Include="missionSelect.cpp">
      <Filter>메인게임\탱크게임\미션\미션선택화면</Filter>
    </ClCompile>
    <ClCompile Include="timer.cpp">
      <Filter>2D GAMEFRAMEWORK\타이머</Filter>
    </ClCompile>
    <ClCompile Include="timeManager.cpp">
      <Filter>2D GAMEFRAMEWORK\매니져</Filter>
    </ClCompile>
  </ItemGroup>
</Project>